
Microsoft Visual Studio Solution File, Format Version 12.00
# Visual Studio Version 17
VisualStudioVersion = 17.1.32407.343
MinimumVisualStudioVersion = 10.0.40219.1
Project("{FAE04EC0-301F-11D3-BF4B-00C04F79EFBC}") = "Todo", "Todo\Todo.csproj", "{A3AA27BD-AD85-4F71-9EB2-9D423BED5964}"
EndProject
Global
	GlobalSection(SolutionConfigurationPlatforms) = preSolution
		Debug|Any CPU = Debug|Any CPU
		Release|Any CPU = Release|Any CPU
	EndGlobalSection
	GlobalSection(ProjectConfigurationPlatforms) = postSolution
		{A3AA27BD-AD85-4F71-9EB2-9D423BED5964}.Debug|Any CPU.ActiveCfg = Debug|Any CPU
		{A3AA27BD-AD85-4F71-9EB2-9D423BED5964}.Debug|Any CPU.Build.0 = Debug|Any CPU
		{A3AA27BD-AD85-4F71-9EB2-9D423BED5964}.Release|Any CPU.ActiveCfg = Release|Any CPU
		{A3AA27BD-AD85-4F71-9EB2-9D423BED5964}.Release|Any CPU.Build.0 = Release|Any CPU
	EndGlobalSection
	GlobalSection(SolutionProperties) = preSolution
		HideSolutionNode = FALSE
	EndGlobalSection
	GlobalSection(ExtensibilityGlobals) = postSolution
		SolutionGuid = {035006E0-75F3-4856-881D-7488DE200B6D}
	EndGlobalSection
EndGlobal
